
Microsoft Visual Studio Solution File, Format Version 12.00
# Visual Studio 15
VisualStudioVersion = 15.0.27130.2027
MinimumVisualStudioVersion = 10.0.40219.1
Project("{FAE04EC0-301F-11D3-BF4B-00C04F79EFBC}") = "Exam-Ace", "Exam-Ace\Exam-Ace.csproj", "{17930A5A-A6E9-494B-89EE-139B07BCE65B}"
EndProject
Global
	GlobalSection(SolutionConfigurationPlatforms) = preSolution
		Debug|Any CPU = Debug|Any CPU
		Release|Any CPU = Release|Any CPU
	EndGlobalSection
	GlobalSection(ProjectConfigurationPlatforms) = postSolution
		{17930A5A-A6E9-494B-89EE-139B07BCE65B}.Debug|Any CPU.ActiveCfg = Debug|Any CPU
		{17930A5A-A6E9-494B-89EE-139B07BCE65B}.Debug|Any CPU.Build.0 = Debug|Any CPU
		{17930A5A-A6E9-494B-89EE-139B07BCE65B}.Release|Any CPU.ActiveCfg = Release|Any CPU
		{17930A5A-A6E9-494B-89EE-139B07BCE65B}.Release|Any CPU.Build.0 = Release|Any CPU
	EndGlobalSection
	GlobalSection(SolutionProperties) = preSolution
		HideSolutionNode = FALSE
	EndGlobalSection
	GlobalSection(ExtensibilityGlobals) = postSolution
		SolutionGuid = {351448B9-28D3-4719-BDF9-EDBFD7BC14B3}
	EndGlobalSection
EndGlobal
